schema: '2.0'
stages:
  process:
    cmd: python src/data_processing/data_preprocessing.py data/raw data/processed
    deps:
    - path: data/raw/covid-19-tweets
      hash: md5
      md5: 9c7fc07f5cb4acdbd4da5fd73c2fe864.dir
      size: 11502756
      nfiles: 2
    - path: src/data_processing/data_preprocessing.py
      hash: md5
      md5: 2ac9581481955aef292e951525d0c2a4
      size: 6830
    params:
      configs.yml:
        data.processed.data_size: 0
    outs:
    - path: data/processed
      hash: md5
      md5: 27c9a56a44a28112639ceb8c2ace7159.dir
      size: 14011446
      nfiles: 1
  data_analysis:
    cmd: python src/data_processing/exploratory_analysis.py data/processed data/analytics
    deps:
    - path: data/processed
      hash: md5
      md5: 27c9a56a44a28112639ceb8c2ace7159.dir
      size: 14011446
      nfiles: 1
    - path: src/data_processing/exploratory_analysis.py
      hash: md5
      md5: 8698436dc67938f24e6d59edfdd65648
      size: 4070
    outs:
    - path: data/analytics
      hash: md5
      md5: 6568f017e64755d687a11634c2db7672.dir
      size: 96905
      nfiles: 3
  data_split:
    cmd: python src/data_processing/data_splitting.py data/processed data/split
    deps:
    - path: data/processed
      hash: md5
      md5: 27c9a56a44a28112639ceb8c2ace7159.dir
      size: 14011446
      nfiles: 1
    - path: src/data_processing/data_splitting.py
      hash: md5
      md5: 1473665e30393d35cc9dc39a6805517e
      size: 1972
    params:
      configs.yml:
        data.split.ratio: 0.2
        data.split.seed: 42
    outs:
    - path: data/split
      hash: md5
      md5: f5c1810c1f5348f953b3c9c2168d50fb.dir
      size: 4708785
      nfiles: 3
  baseline_model:
    cmd: python src/model_development/baseline_model.py src/model_checkpoints/baselines
    deps:
    - path: src/model_development/baseline_model.py
      hash: md5
      md5: 2439f49cfdbf7d0c3c5de1cc7106d846
      size: 1284
    params:
      configs.yml:
        models.seed: 43
    outs:
    - path: src/model_checkpoints/baselines
      hash: md5
      md5: 36b4dbf288f8b1bf3e23f92aadc968a1.dir
      size: 1840
      nfiles: 5
  training:
    cmd: python src/model_development/model_training.py data/split src/model_checkpoints/trained
    deps:
    - path: data/split
      hash: md5
      md5: f5c1810c1f5348f953b3c9c2168d50fb.dir
      size: 4708785
      nfiles: 3
    - path: src/model_development/model_training.py
      hash: md5
      md5: c38527c5f989e0f7b5e88a38ff71ccf9
      size: 8870
    params:
      configs.yml:
        models.train.model: tree
    outs:
    - path: src/model_checkpoints/trained
      hash: md5
      md5: 6d9e542e4216fb44f3fb247543996c3e.dir
      size: 2091548
      nfiles: 8
  cross_validation:
    cmd: python src/model_optimization/cross_validation.py data/split src/model_checkpoints/cross_valid
    deps:
    - path: data/split
      hash: md5
      md5: 1dd5646581d878b186c70ce3d3b00f4a.dir
      size: 207875
      nfiles: 3
    - path: src/model_optimization/cross_validation.py
      hash: md5
      md5: 692105107057c9f23dfb9e0e50acfa06
      size: 5497
      isexec: true
    params:
      configs.yml:
        models.cross_validation.model: logistic
        models.cross_validation.n_split: 10
    outs:
    - path: src/model_checkpoints/cross_valid
      hash: md5
      md5: 104278b8443574122e678b25a9a404de.dir
      size: 95723
      nfiles: 2
  hyper_optimizer:
    cmd: python src/model_optimization/hyper_opt.py data/split
    deps:
    - path: data/split
      hash: md5
      md5: 05a3d0f796690f43533764fce78ee6d7.dir
      size: 1045557
      nfiles: 3
    - path: src/model_optimization/hyper_opt.py
      hash: md5
      md5: c68b670032eb3c7bf5f103978087c74a
      size: 4937
      isexec: true
    params:
      configs.yml:
        models.train.optimize: false
    outs:
    - path: src/model_checkpoints/tuned
      hash: md5
      md5: 9669331241da2a9ba6e13dd49e41d1e1.dir
      size: 16484
      nfiles: 2
